
Microsoft Visual Studio Solution File, Format Version 12.00
# Visual Studio Version 16
VisualStudioVersion = 16.0.31729.503
MinimumVisualStudioVersion = 10.0.40219.1
Project("{FAE04EC0-301F-11D3-BF4B-00C04F79EFBC}") = "Base64Image", "Base64Image\Base64Image.csproj", "{9788D734-0E42-402A-B3B3-A954192CD539}"
EndProject
Global
	GlobalSection(SolutionConfigurationPlatforms) = preSolution
		Debug|Any CPU = Debug|Any CPU
		Release|Any CPU = Release|Any CPU
	EndGlobalSection
	GlobalSection(ProjectConfigurationPlatforms) = postSolution
		{9788D734-0E42-402A-B3B3-A954192CD539}.Debug|Any CPU.ActiveCfg = Debug|Any CPU
		{9788D734-0E42-402A-B3B3-A954192CD539}.Debug|Any CPU.Build.0 = Debug|Any CPU
		{9788D734-0E42-402A-B3B3-A954192CD539}.Release|Any CPU.ActiveCfg = Release|Any CPU
		{9788D734-0E42-402A-B3B3-A954192CD539}.Release|Any CPU.Build.0 = Release|Any CPU
	EndGlobalSection
	GlobalSection(SolutionProperties) = preSolution
		HideSolutionNode = FALSE
	EndGlobalSection
	GlobalSection(ExtensibilityGlobals) = postSolution
		SolutionGuid = {F1ED4A15-3230-491C-9995-F340F7EEC037}
	EndGlobalSection
EndGlobal
